
Microsoft Visual Studio Solution File, Format Version 12.00
# Visual Studio 15
Project("{FAE04EC0-301F-11D3-BF4B-00C04F79EFBC}") = "Assembly-CSharp-firstpass", "Assembly-CSharp-firstpass.csproj", "{FF16369A-679D-9205-4C93-7334AA3F5CEB}"
EndProject
Project("{FAE04EC0-301F-11D3-BF4B-00C04F79EFBC}") = "Assembly-CSharp", "Assembly-CSharp.csproj", "{EAEE899C-11D8-49B0-54A0-E04373095548}"
EndProject
Project("{FAE04EC0-301F-11D3-BF4B-00C04F79EFBC}") = "Assembly-CSharp-Editor-firstpass", "Assembly-CSharp-Editor-firstpass.csproj", "{8ED08488-A712-DFA0-6DDB-7E9696F1F983}"
EndProject
Global
	GlobalSection(SolutionConfigurationPlatforms) = preSolution
		Debug|Any CPU = Debug|Any CPU
		Release|Any CPU = Release|Any CPU
	EndGlobalSection
	GlobalSection(ProjectConfigurationPlatforms) = postSolution
		{FF16369A-679D-9205-4C93-7334AA3F5CEB}.Debug|Any CPU.ActiveCfg = Debug|Any CPU
		{FF16369A-679D-9205-4C93-7334AA3F5CEB}.Debug|Any CPU.Build.0 = Debug|Any CPU
		{FF16369A-679D-9205-4C93-7334AA3F5CEB}.Release|Any CPU.ActiveCfg = Release|Any CPU
		{FF16369A-679D-9205-4C93-7334AA3F5CEB}.Release|Any CPU.Build.0 = Release|Any CPU
		{EAEE899C-11D8-49B0-54A0-E04373095548}.Debug|Any CPU.ActiveCfg = Debug|Any CPU
		{EAEE899C-11D8-49B0-54A0-E04373095548}.Debug|Any CPU.Build.0 = Debug|Any CPU
		{EAEE899C-11D8-49B0-54A0-E04373095548}.Release|Any CPU.ActiveCfg = Release|Any CPU
		{EAEE899C-11D8-49B0-54A0-E04373095548}.Release|Any CPU.Build.0 = Release|Any CPU
		{8ED08488-A712-DFA0-6DDB-7E9696F1F983}.Debug|Any CPU.ActiveCfg = Debug|Any CPU
		{8ED08488-A712-DFA0-6DDB-7E9696F1F983}.Debug|Any CPU.Build.0 = Debug|Any CPU
		{8ED08488-A712-DFA0-6DDB-7E9696F1F983}.Release|Any CPU.ActiveCfg = Release|Any CPU
		{8ED08488-A712-DFA0-6DDB-7E9696F1F983}.Release|Any CPU.Build.0 = Release|Any CPU
	EndGlobalSection
	GlobalSection(SolutionProperties) = preSolution
		HideSolutionNode = FALSE
	EndGlobalSection
EndGlobal
